id: sigmf_utils_add_tags_from_sigmf
label: Add Tags From SigMF
category: '[SigMF]'

templates:
  imports: |-
    from gnuradio import sigmf_utils
    import numpy
  make: sigmf_utils.add_tags_from_sigmf(${type.type}, ${metadata}, ${add_annotation_tags}, ${start_tag_key})


parameters:
- id: type
  label: IO Type
  dtype: enum
  options: [complex, short]
  option_attributes:
    type: [numpy.complex64, numpy.int16]
  hide: part
- id: metadata
  label: SigMF Metadata
  dtype: raw
  default: {}
- id: add_annotation_tags
  label: Add Annotation Tags
  dtype: bool
  default: 'True'
  options: ['True', 'False']
  option_labels: ['Yes', 'No']
- id: start_tag_key
  label: Start Tag Key
  dtype: raw
  default: pmt.PMT_NIL

inputs:
- domain: stream
  dtype: ${ type }
  vlen: 1

outputs:
- domain: stream
  dtype: ${ type }
  vlen: 1

file_format: 1
