id: sigmf_utils_sigmf_file_source
label: SigMF File Source
category: '[SigMF]'

templates:
  imports: |-
    from gnuradio import sigmf_utils
    import pmt
  make: sigmf_utils.sigmf_file_source(${sigmf_filename}, ${output_type.name}, ${length}, ${add_begin_tag}, ${repeat}, ${add_sigmf_tags})


parameters:
- id: sigmf_filename
  label: Filename
  dtype: file_open
- id: output_type
  label: Output Type
  dtype: enum
  default: 'complex'
  options: [complex, short]
  option_attributes:
    name: ["'cf32_le'", "'ci16_le'"]
- id: repeat
  label: Repeat
  dtype: bool
  default: true
  options: [true, false]
  option_labels: [true, false]
- id: length
  label: Num Samples
  dtype: int
  default: '0'
- id: add_begin_tag
  label: Add Begin Tag
  dtype: raw
  default: pmt.PMT_NIL
  hide: part
- id: add_sigmf_tags
  label: Add SigMF Tags
  dtype: bool
  default: true
  options: [true, false]
  option_labels: [true, false]

outputs:
- domain: stream
  dtype: ${ output_type }
  vlen: 1
  optional: false


file_format: 1
